
Microsoft Visual Studio Solution File, Format Version 12.00
# Visual Studio Version 17
VisualStudioVersion = 17.4.33110.190
MinimumVisualStudioVersion = 10.0.40219.1
Project("{FAE04EC0-301F-11D3-BF4B-00C04F79EFBC}") = "EHen_Web_App", "EHen_Web_App\EHen_Web_App.csproj", "{AC82D031-CED6-4253-BDA7-6454C3FB1041}"
EndProject
Global
	GlobalSection(SolutionConfigurationPlatforms) = preSolution
		Debug|Any CPU = Debug|Any CPU
		Release|Any CPU = Release|Any CPU
	EndGlobalSection
	GlobalSection(ProjectConfigurationPlatforms) = postSolution
		{AC82D031-CED6-4253-BDA7-6454C3FB1041}.Debug|Any CPU.ActiveCfg = Debug|Any CPU
		{AC82D031-CED6-4253-BDA7-6454C3FB1041}.Debug|Any CPU.Build.0 = Debug|Any CPU
		{AC82D031-CED6-4253-BDA7-6454C3FB1041}.Release|Any CPU.ActiveCfg = Release|Any CPU
		{AC82D031-CED6-4253-BDA7-6454C3FB1041}.Release|Any CPU.Build.0 = Release|Any CPU
	EndGlobalSection
	GlobalSection(SolutionProperties) = preSolution
		HideSolutionNode = FALSE
	EndGlobalSection
	GlobalSection(ExtensibilityGlobals) = postSolution
		SolutionGuid = {E77B3458-67A7-43EE-B7EF-924DC348B082}
	EndGlobalSection
EndGlobal
